{
  "name": "xtal-select",
  "version": "0.0.0",
  "lockfileVersion": 3,
  "requires": true,
  "packages": {
    "": {
      "name": "xtal-select",
      "version": "0.0.0",
      "license": "MIT",
      "dependencies": {
        "em-bower": "0.0.3"
      },
      "devDependencies": {
        "@playwright/test": "1.57.0",
        "spa-ssi": "0.0.25"
      }
    },
    "node_modules/@playwright/test": {
      "version": "1.57.0",
      "resolved": "https://registry.npmjs.org/@playwright/test/-/test-1.57.0.tgz",
      "integrity": "sha512-6TyEnHgd6SArQO8UO2OMTxshln3QMWBtPGrOCgs3wVEmQmwyuNtB10IZMfmYDE0riwNR1cu4q+pPcxMVtaG3TA==",
      "dev": true,
      "license": "Apache-2.0",
      "dependencies": {
        "playwright": "1.57.0"
      },
      "bin": {
        "playwright": "cli.js"
      },
      "engines": {
        "node": ">=18"
      }
    },
    "node_modules/be-enhanced": {
      "version": "0.0.189",
      "resolved": "https://registry.npmjs.org/be-enhanced/-/be-enhanced-0.0.189.tgz",
      "integrity": "sha512-SLvTPwRoLs7FBxyfQX0/fCMB0QYRJsmWTbOeh47t1a7/SWMeToOkNGtH8Z6fLATdDZvPNHqGgb/uOa2Hyblynw==",
      "license": "MIT",
      "dependencies": {
        "trans-render": "0.0.960"
      }
    },
    "node_modules/be-hive": {
      "version": "0.0.267",
      "resolved": "https://registry.npmjs.org/be-hive/-/be-hive-0.0.267.tgz",
      "integrity": "sha512-ss2xoJdyvwKli+5qC31GFElz64xQHHwB0SiRt3HGFiTAoxi2KGGMFm26A7BVx85glHuJnux6WFC/1CHx9yZTBQ==",
      "license": "MIT",
      "dependencies": {
        "be-enhanced": "0.0.189",
        "mount-observer": "0.0.105",
        "trans-render": "0.0.960"
      }
    },
    "node_modules/be-hive/node_modules/mount-observer": {
      "version": "0.0.105",
      "resolved": "https://registry.npmjs.org/mount-observer/-/mount-observer-0.0.105.tgz",
      "integrity": "sha512-CC50i6eO3wbmjzVvUPcOcyJ7O2wggRiOrC3TO4LGLkJaiJQGWkfr8pX/4rqi+mY2PK96uPjGd1mhAwS1tEEvHQ==",
      "license": "MIT"
    },
    "node_modules/em-bower": {
      "version": "0.0.3",
      "resolved": "https://registry.npmjs.org/em-bower/-/em-bower-0.0.3.tgz",
      "integrity": "sha512-vvbGn4AkHxeYC2T2z/Z7wHno0ZDS5iT0eGiFTFpLQqdRJEjjLZik+yvIvLw77um/23GRG8T7hvmAOvD/ywKfWQ==",
      "license": "MIT",
      "dependencies": {
        "be-enhanced": "0.0.189",
        "be-hive": "0.0.267",
        "mount-observer": "0.0.111",
        "trans-render": "0.0.960"
      }
    },
    "node_modules/fsevents": {
      "version": "2.3.2",
      "resolved": "https://registry.npmjs.org/fsevents/-/fsevents-2.3.2.tgz",
      "integrity": "sha512-xiqMQR4xAeHTuB9uWm+fFRcIOgKBMiOBP+eXiyT7jsgVCq1bkVygt00oASowB7EdtpOHaaPgKt812P9ab+DDKA==",
      "dev": true,
      "hasInstallScript": true,
      "license": "MIT",
      "optional": true,
      "os": [
        "darwin"
      ],
      "engines": {
        "node": "^8.16.0 || ^10.6.0 || >=11.0.0"
      }
    },
    "node_modules/mount-observer": {
      "version": "0.0.111",
      "resolved": "https://registry.npmjs.org/mount-observer/-/mount-observer-0.0.111.tgz",
      "integrity": "sha512-5vlmCX9Mw+jnunGKAcwkIXTXegiU4dlIf2C7NB5+f9eLhtpY0k5171Pss/2NMJev/xx9KyGMvV+5BDLCGcJVrA==",
      "license": "MIT"
    },
    "node_modules/playwright": {
      "version": "1.57.0",
      "resolved": "https://registry.npmjs.org/playwright/-/playwright-1.57.0.tgz",
      "integrity": "sha512-ilYQj1s8sr2ppEJ2YVadYBN0Mb3mdo9J0wQ+UuDhzYqURwSoW4n1Xs5vs7ORwgDGmyEh33tRMeS8KhdkMoLXQw==",
      "dev": true,
      "license": "Apache-2.0",
      "dependencies": {
        "playwright-core": "1.57.0"
      },
      "bin": {
        "playwright": "cli.js"
      },
      "engines": {
        "node": ">=18"
      },
      "optionalDependencies": {
        "fsevents": "2.3.2"
      }
    },
    "node_modules/playwright-core": {
      "version": "1.57.0",
      "resolved": "https://registry.npmjs.org/playwright-core/-/playwright-core-1.57.0.tgz",
      "integrity": "sha512-agTcKlMw/mjBWOnD6kFZttAAGHgi/Nw0CZ2o6JqWSbMlI219lAFLZZCyqByTsvVAJq5XA5H8cA6PrvBRpBWEuQ==",
      "dev": true,
      "license": "Apache-2.0",
      "bin": {
        "playwright-core": "cli.js"
      },
      "engines": {
        "node": ">=18"
      }
    },
    "node_modules/spa-ssi": {
      "version": "0.0.25",
      "resolved": "https://registry.npmjs.org/spa-ssi/-/spa-ssi-0.0.25.tgz",
      "integrity": "sha512-TQN7YX9CWcAQamRy+CTwiwsuOsiAh6xBM3DuhIt7Nrb1oSRycZdt4/c50yV/k3gpYy3lU9AcPJwjlSS14/4WQQ==",
      "dev": true,
      "license": "MIT"
    },
    "node_modules/trans-render": {
      "version": "0.0.960",
      "resolved": "https://registry.npmjs.org/trans-render/-/trans-render-0.0.960.tgz",
      "integrity": "sha512-Z3j27xwGj9NV9KnFbNbRN1DYJkHtsu0BuJEg9fw2W7QBxjcv/YGePqU+j0TGEHxTwzsgZ95LxD8QC2iPxnJdCw==",
      "license": "MIT",
      "dependencies": {
        "mount-observer": "0.0.105"
      }
    },
    "node_modules/trans-render/node_modules/mount-observer": {
      "version": "0.0.105",
      "resolved": "https://registry.npmjs.org/mount-observer/-/mount-observer-0.0.105.tgz",
      "integrity": "sha512-CC50i6eO3wbmjzVvUPcOcyJ7O2wggRiOrC3TO4LGLkJaiJQGWkfr8pX/4rqi+mY2PK96uPjGd1mhAwS1tEEvHQ==",
      "license": "MIT"
    }
  }
}
